// !$*UTF8*$!
{
	archiveVersion = 1;
	classes = {
	};
	objectVersion = 55;
	objects = {

/* Begin PBXBuildFile section */
		9B27032E289F7BB100D65283 /* UIViewController+Extension.swift in Sources */ = {isa = PBXBuildFile; fileRef = 9B27032D289F7BB100D65283 /* UIViewController+Extension.swift */; };
		9B27033328A029D900D65283 /* RepositoryTableViewCell.swift in Sources */ = {isa = PBXBuildFile; fileRef = 9B27033228A029D900D65283 /* RepositoryTableViewCell.swift */; };
		9B41FA4E28A5399700EDE4C5 /* RepositoryInfo.swift in Sources */ = {isa = PBXBuildFile; fileRef = 9B41FA4D28A5399700EDE4C5 /* RepositoryInfo.swift */; };
		9B41FA4F28A5399700EDE4C5 /* RepositoryInfo.swift in Sources */ = {isa = PBXBuildFile; fileRef = 9B41FA4D28A5399700EDE4C5 /* RepositoryInfo.swift */; };
		9B41FA5128A539A500EDE4C5 /* SearchReactor.swift in Sources */ = {isa = PBXBuildFile; fileRef = 9B41FA5028A539A500EDE4C5 /* SearchReactor.swift */; };
		9B41FA5228A539A500EDE4C5 /* SearchReactor.swift in Sources */ = {isa = PBXBuildFile; fileRef = 9B41FA5028A539A500EDE4C5 /* SearchReactor.swift */; };
		9B41FA5428A53D8E00EDE4C5 /* Key.plist in Resources */ = {isa = PBXBuildFile; fileRef = 9B41FA5328A53D8E00EDE4C5 /* Key.plist */; };
		9B41FA5528A53D8E00EDE4C5 /* Key.plist in Resources */ = {isa = PBXBuildFile; fileRef = 9B41FA5328A53D8E00EDE4C5 /* Key.plist */; };
		9B41FA5628A57F2500EDE4C5 /* ProfileReactor.swift in Sources */ = {isa = PBXBuildFile; fileRef = 9B781D6A28A18A7C0075D72F /* ProfileReactor.swift */; };
		9B41FA5728A57F4C00EDE4C5 /* UserRepository.swift in Sources */ = {isa = PBXBuildFile; fileRef = 9B781D6F28A1FE450075D72F /* UserRepository.swift */; };
		9B41FA5928A57F7D00EDE4C5 /* GitHubAPI.swift in Sources */ = {isa = PBXBuildFile; fileRef = 9BD5B29C289EFB7D0062206C /* GitHubAPI.swift */; };
		9B41FA5A28A57F8A00EDE4C5 /* APIService.swift in Sources */ = {isa = PBXBuildFile; fileRef = 9BD5B2A0289EFB990062206C /* APIService.swift */; };
		9B41FA5B28A57F9F00EDE4C5 /* DefaultSession.swift in Sources */ = {isa = PBXBuildFile; fileRef = 9BD5B2A2289EFBA30062206C /* DefaultSession.swift */; };
		9B41FA5C28A57FC000EDE4C5 /* KeychainManager.swift in Sources */ = {isa = PBXBuildFile; fileRef = 9BD5B291289EF1D90062206C /* KeychainManager.swift */; };
		9B41FA5D28A57FC700EDE4C5 /* APIConstants.swift in Sources */ = {isa = PBXBuildFile; fileRef = 9BD5B29E289EFB8C0062206C /* APIConstants.swift */; };
		9B41FA5E28A57FCF00EDE4C5 /* User.swift in Sources */ = {isa = PBXBuildFile; fileRef = 9BC2E17328A2A41300B5A8B6 /* User.swift */; };
		9B41FA5F28A5800F00EDE4C5 /* TabBarController.swift in Sources */ = {isa = PBXBuildFile; fileRef = 9B6A44A3289EA25E00C12313 /* TabBarController.swift */; };
		9B41FA6028A59D2900EDE4C5 /* TabBar.swift in Sources */ = {isa = PBXBuildFile; fileRef = 9B6A44A5289EA38A00C12313 /* TabBar.swift */; };
		9B41FA6128A59D2E00EDE4C5 /* LoginReactor.swift in Sources */ = {isa = PBXBuildFile; fileRef = 9BD5B297289EF2880062206C /* LoginReactor.swift */; };
		9B41FA6228A59D3100EDE4C5 /* LoginViewController.swift in Sources */ = {isa = PBXBuildFile; fileRef = 9BD5B295289EF2510062206C /* LoginViewController.swift */; };
		9B41FA6328A59D7300EDE4C5 /* SearchViewController.swift in Sources */ = {isa = PBXBuildFile; fileRef = 9B6A44AF289EA56400C12313 /* SearchViewController.swift */; };
		9B41FA6428A59D7A00EDE4C5 /* RepositoryTableViewCellReactor.swift in Sources */ = {isa = PBXBuildFile; fileRef = 9B6EFDCE28A3AFFA00C7464E /* RepositoryTableViewCellReactor.swift */; };
		9B41FA6528A59D8100EDE4C5 /* LanguageType.swift in Sources */ = {isa = PBXBuildFile; fileRef = 9BC2E17528A2ACCA00B5A8B6 /* LanguageType.swift */; };
		9B41FA6628A59D8D00EDE4C5 /* RepositoryTableViewCell.swift in Sources */ = {isa = PBXBuildFile; fileRef = 9B27033228A029D900D65283 /* RepositoryTableViewCell.swift */; };
		9B41FA6728A59D8F00EDE4C5 /* RepositoryTopicCollectionViewCell.swift in Sources */ = {isa = PBXBuildFile; fileRef = 9B781D6028A0F1F00075D72F /* RepositoryTopicCollectionViewCell.swift */; };
		9B41FA6828A59D9400EDE4C5 /* MyStarRepositoryTableViewHeaderView.swift in Sources */ = {isa = PBXBuildFile; fileRef = 9B781D5C28A091FB0075D72F /* MyStarRepositoryTableViewHeaderView.swift */; };
		9B41FA6928A59DF900EDE4C5 /* UIFont+Extension.swift in Sources */ = {isa = PBXBuildFile; fileRef = 9B6A44A8289EA3E400C12313 /* UIFont+Extension.swift */; };
		9B41FA6A28A59E0700EDE4C5 /* NotificationName+Extension.swift in Sources */ = {isa = PBXBuildFile; fileRef = 9BD5B299289EFABC0062206C /* NotificationName+Extension.swift */; };
		9B41FA6B28A59E3C00EDE4C5 /* UIView+Extension.swift in Sources */ = {isa = PBXBuildFile; fileRef = 9B6A44AA289EA4BD00C12313 /* UIView+Extension.swift */; };
		9B41FA6C28A59F9800EDE4C5 /* UIImage+Extension.swift in Sources */ = {isa = PBXBuildFile; fileRef = 9B6A44B4289EB81500C12313 /* UIImage+Extension.swift */; };
		9B41FA6D28A59FAD00EDE4C5 /* ProfileViewController.swift in Sources */ = {isa = PBXBuildFile; fileRef = 9B6A44B2289EA58900C12313 /* ProfileViewController.swift */; };
		9B41FA6E28A59FB500EDE4C5 /* UITableView+Extension.swift in Sources */ = {isa = PBXBuildFile; fileRef = 9BC2E17A28A312CE00B5A8B6 /* UITableView+Extension.swift */; };
		9B41FA6F28A59FBD00EDE4C5 /* UIColor+Extension.swift in Sources */ = {isa = PBXBuildFile; fileRef = 9B781D5E28A0ECCC0075D72F /* UIColor+Extension.swift */; };
		9B41FA7028A5A00E00EDE4C5 /* UICollectionView+Extension.swift in Sources */ = {isa = PBXBuildFile; fileRef = 9BC2E17928A312CE00B5A8B6 /* UICollectionView+Extension.swift */; };
		9B5E9F24289CD9E200963ED1 /* AppDelegate.swift in Sources */ = {isa = PBXBuildFile; fileRef = 9B5E9F23289CD9E200963ED1 /* AppDelegate.swift */; };
		9B5E9F26289CD9E200963ED1 /* SceneDelegate.swift in Sources */ = {isa = PBXBuildFile; fileRef = 9B5E9F25289CD9E200963ED1 /* SceneDelegate.swift */; };
		9B5E9F2D289CD9E600963ED1 /* Assets.xcassets in Resources */ = {isa = PBXBuildFile; fileRef = 9B5E9F2C289CD9E600963ED1 /* Assets.xcassets */; };
		9B5E9F3B289CD9E600963ED1 /* KeychainManagerTests.swift in Sources */ = {isa = PBXBuildFile; fileRef = 9B5E9F3A289CD9E600963ED1 /* KeychainManagerTests.swift */; };
		9B63934928DEFE3000784E2A /* APIServiceTests.swift in Sources */ = {isa = PBXBuildFile; fileRef = 9B63934828DEFE3000784E2A /* APIServiceTests.swift */; };
		9B63935528E041E700784E2A /* LoginUseCase.swift in Sources */ = {isa = PBXBuildFile; fileRef = 9B63935428E041E700784E2A /* LoginUseCase.swift */; };
		9B63935728E0460900784E2A /* DefaultLoginRepository.swift in Sources */ = {isa = PBXBuildFile; fileRef = 9B63935628E0460800784E2A /* DefaultLoginRepository.swift */; };
		9B63935828E0461200784E2A /* DefaultLoginRepository.swift in Sources */ = {isa = PBXBuildFile; fileRef = 9B63935628E0460800784E2A /* DefaultLoginRepository.swift */; };
		9B63935928E0461600784E2A /* LoginUseCase.swift in Sources */ = {isa = PBXBuildFile; fileRef = 9B63935428E041E700784E2A /* LoginUseCase.swift */; };
		9B63935B28E0463500784E2A /* LoginRepository.swift in Sources */ = {isa = PBXBuildFile; fileRef = 9B63935A28E0463500784E2A /* LoginRepository.swift */; };
		9B63935C28E0463500784E2A /* LoginRepository.swift in Sources */ = {isa = PBXBuildFile; fileRef = 9B63935A28E0463500784E2A /* LoginRepository.swift */; };
		9B63935E28E05D6600784E2A /* SearchUseCase.swift in Sources */ = {isa = PBXBuildFile; fileRef = 9B63935D28E05D6600784E2A /* SearchUseCase.swift */; };
		9B63935F28E05D6600784E2A /* SearchUseCase.swift in Sources */ = {isa = PBXBuildFile; fileRef = 9B63935D28E05D6600784E2A /* SearchUseCase.swift */; };
		9B63936128E05E2D00784E2A /* SearchRepository.swift in Sources */ = {isa = PBXBuildFile; fileRef = 9B63936028E05E2D00784E2A /* SearchRepository.swift */; };
		9B63936228E05E2D00784E2A /* SearchRepository.swift in Sources */ = {isa = PBXBuildFile; fileRef = 9B63936028E05E2D00784E2A /* SearchRepository.swift */; };
		9B63936428E0634600784E2A /* DefaultSearchRepository.swift in Sources */ = {isa = PBXBuildFile; fileRef = 9B63936328E0634600784E2A /* DefaultSearchRepository.swift */; };
		9B63936528E0634600784E2A /* DefaultSearchRepository.swift in Sources */ = {isa = PBXBuildFile; fileRef = 9B63936328E0634600784E2A /* DefaultSearchRepository.swift */; };
		9B63936728E065DC00784E2A /* ProfileUseCase.swift in Sources */ = {isa = PBXBuildFile; fileRef = 9B63936628E065DC00784E2A /* ProfileUseCase.swift */; };
		9B63936828E065DC00784E2A /* ProfileUseCase.swift in Sources */ = {isa = PBXBuildFile; fileRef = 9B63936628E065DC00784E2A /* ProfileUseCase.swift */; };
		9B63936A28E0666E00784E2A /* ProfileRepository.swift in Sources */ = {isa = PBXBuildFile; fileRef = 9B63936928E0666E00784E2A /* ProfileRepository.swift */; };
		9B63936B28E0666E00784E2A /* ProfileRepository.swift in Sources */ = {isa = PBXBuildFile; fileRef = 9B63936928E0666E00784E2A /* ProfileRepository.swift */; };
		9B63936D28E066AD00784E2A /* DefaultProfileRepository.swift in Sources */ = {isa = PBXBuildFile; fileRef = 9B63936C28E066AD00784E2A /* DefaultProfileRepository.swift */; };
		9B63936E28E066AD00784E2A /* DefaultProfileRepository.swift in Sources */ = {isa = PBXBuildFile; fileRef = 9B63936C28E066AD00784E2A /* DefaultProfileRepository.swift */; };
		9B63937028E1556600784E2A /* StarUseCase.swift in Sources */ = {isa = PBXBuildFile; fileRef = 9B63936F28E1556600784E2A /* StarUseCase.swift */; };
		9B63937128E1556600784E2A /* StarUseCase.swift in Sources */ = {isa = PBXBuildFile; fileRef = 9B63936F28E1556600784E2A /* StarUseCase.swift */; };
		9B63937328E1564200784E2A /* StarRepository.swift in Sources */ = {isa = PBXBuildFile; fileRef = 9B63937228E1564200784E2A /* StarRepository.swift */; };
		9B63937428E1564200784E2A /* StarRepository.swift in Sources */ = {isa = PBXBuildFile; fileRef = 9B63937228E1564200784E2A /* StarRepository.swift */; };
		9B63937628E164FE00784E2A /* DefaultStarRepository.swift in Sources */ = {isa = PBXBuildFile; fileRef = 9B63937528E164FE00784E2A /* DefaultStarRepository.swift */; };
		9B63937728E164FE00784E2A /* DefaultStarRepository.swift in Sources */ = {isa = PBXBuildFile; fileRef = 9B63937528E164FE00784E2A /* DefaultStarRepository.swift */; };
		9B6A44A4289EA25E00C12313 /* TabBarController.swift in Sources */ = {isa = PBXBuildFile; fileRef = 9B6A44A3289EA25E00C12313 /* TabBarController.swift */; };
		9B6A44A6289EA38A00C12313 /* TabBar.swift in Sources */ = {isa = PBXBuildFile; fileRef = 9B6A44A5289EA38A00C12313 /* TabBar.swift */; };
		9B6A44A9289EA3E400C12313 /* UIFont+Extension.swift in Sources */ = {isa = PBXBuildFile; fileRef = 9B6A44A8289EA3E400C12313 /* UIFont+Extension.swift */; };
		9B6A44AB289EA4BD00C12313 /* UIView+Extension.swift in Sources */ = {isa = PBXBuildFile; fileRef = 9B6A44AA289EA4BD00C12313 /* UIView+Extension.swift */; };
		9B6A44B0289EA56400C12313 /* SearchViewController.swift in Sources */ = {isa = PBXBuildFile; fileRef = 9B6A44AF289EA56400C12313 /* SearchViewController.swift */; };
		9B6A44B3289EA58900C12313 /* ProfileViewController.swift in Sources */ = {isa = PBXBuildFile; fileRef = 9B6A44B2289EA58900C12313 /* ProfileViewController.swift */; };
		9B6A44B5289EB81500C12313 /* UIImage+Extension.swift in Sources */ = {isa = PBXBuildFile; fileRef = 9B6A44B4289EB81500C12313 /* UIImage+Extension.swift */; };
		9B6EFDCF28A3AFFA00C7464E /* RepositoryTableViewCellReactor.swift in Sources */ = {isa = PBXBuildFile; fileRef = 9B6EFDCE28A3AFFA00C7464E /* RepositoryTableViewCellReactor.swift */; };
		9B7606F728F9C53A00EB6297 /* UIViewController+Extension.swift in Sources */ = {isa = PBXBuildFile; fileRef = 9B27032D289F7BB100D65283 /* UIViewController+Extension.swift */; };
		9B7606F928FEF9DD00EB6297 /* Token.swift in Sources */ = {isa = PBXBuildFile; fileRef = 9B7606F828FEF9DD00EB6297 /* Token.swift */; };
		9B7606FA28FEF9DD00EB6297 /* Token.swift in Sources */ = {isa = PBXBuildFile; fileRef = 9B7606F828FEF9DD00EB6297 /* Token.swift */; };
		9B781D5D28A091FB0075D72F /* MyStarRepositoryTableViewHeaderView.swift in Sources */ = {isa = PBXBuildFile; fileRef = 9B781D5C28A091FB0075D72F /* MyStarRepositoryTableViewHeaderView.swift */; };
		9B781D5F28A0ECCC0075D72F /* UIColor+Extension.swift in Sources */ = {isa = PBXBuildFile; fileRef = 9B781D5E28A0ECCC0075D72F /* UIColor+Extension.swift */; };
		9B781D6128A0F1F00075D72F /* RepositoryTopicCollectionViewCell.swift in Sources */ = {isa = PBXBuildFile; fileRef = 9B781D6028A0F1F00075D72F /* RepositoryTopicCollectionViewCell.swift */; };
		9B781D6B28A18A7C0075D72F /* ProfileReactor.swift in Sources */ = {isa = PBXBuildFile; fileRef = 9B781D6A28A18A7C0075D72F /* ProfileReactor.swift */; };
		9B781D7028A1FE450075D72F /* UserRepository.swift in Sources */ = {isa = PBXBuildFile; fileRef = 9B781D6F28A1FE450075D72F /* UserRepository.swift */; };
		9B85BD8128DA13D100E47747 /* LoadingIndicatorView.swift in Sources */ = {isa = PBXBuildFile; fileRef = 9B85BD8028DA13D000E47747 /* LoadingIndicatorView.swift */; };
		9B85BD8228DB004F00E47747 /* LoadingIndicatorView.swift in Sources */ = {isa = PBXBuildFile; fileRef = 9B85BD8028DA13D000E47747 /* LoadingIndicatorView.swift */; };
		9BC2E17428A2A41400B5A8B6 /* User.swift in Sources */ = {isa = PBXBuildFile; fileRef = 9BC2E17328A2A41300B5A8B6 /* User.swift */; };
		9BC2E17628A2ACCA00B5A8B6 /* LanguageType.swift in Sources */ = {isa = PBXBuildFile; fileRef = 9BC2E17528A2ACCA00B5A8B6 /* LanguageType.swift */; };
		9BC2E17B28A312CE00B5A8B6 /* UICollectionView+Extension.swift in Sources */ = {isa = PBXBuildFile; fileRef = 9BC2E17928A312CE00B5A8B6 /* UICollectionView+Extension.swift */; };
		9BC2E17C28A312CE00B5A8B6 /* UITableView+Extension.swift in Sources */ = {isa = PBXBuildFile; fileRef = 9BC2E17A28A312CE00B5A8B6 /* UITableView+Extension.swift */; };
		9BD5B292289EF1D90062206C /* KeychainManager.swift in Sources */ = {isa = PBXBuildFile; fileRef = 9BD5B291289EF1D90062206C /* KeychainManager.swift */; };
		9BD5B296289EF2510062206C /* LoginViewController.swift in Sources */ = {isa = PBXBuildFile; fileRef = 9BD5B295289EF2510062206C /* LoginViewController.swift */; };
		9BD5B298289EF2880062206C /* LoginReactor.swift in Sources */ = {isa = PBXBuildFile; fileRef = 9BD5B297289EF2880062206C /* LoginReactor.swift */; };
		9BD5B29A289EFABC0062206C /* NotificationName+Extension.swift in Sources */ = {isa = PBXBuildFile; fileRef = 9BD5B299289EFABC0062206C /* NotificationName+Extension.swift */; };
		9BD5B29D289EFB7D0062206C /* GitHubAPI.swift in Sources */ = {isa = PBXBuildFile; fileRef = 9BD5B29C289EFB7D0062206C /* GitHubAPI.swift */; };
		9BD5B29F289EFB8C0062206C /* APIConstants.swift in Sources */ = {isa = PBXBuildFile; fileRef = 9BD5B29E289EFB8C0062206C /* APIConstants.swift */; };
		9BD5B2A1289EFB990062206C /* APIService.swift in Sources */ = {isa = PBXBuildFile; fileRef = 9BD5B2A0289EFB990062206C /* APIService.swift */; };
		9BD5B2A3289EFBA30062206C /* DefaultSession.swift in Sources */ = {isa = PBXBuildFile; fileRef = 9BD5B2A2289EFBA30062206C /* DefaultSession.swift */; };
		B450AA7BD21C54D6FCD60D2A /* Pods_GitHub_iOS.framework in Frameworks */ = {isa = PBXBuildFile; fileRef = 287464E839791C95CB474C02 /* Pods_GitHub_iOS.framework */; };
		F01B65CE12EC634A85CF3430 /* Pods_GitHub_iOSTests.framework in Frameworks */ = {isa = PBXBuildFile; fileRef = 2A3F29C8D8D9D90E817AB19E /* Pods_GitHub_iOSTests.framework */; };
/* End PBXBuildFile section */

/* Begin PBXContainerItemProxy section */
		9B5E9F37289CD9E600963ED1 /* PBXContainerItemProxy */ = {
			isa = PBXContainerItemProxy;
			containerPortal = 9B5E9F18289CD9E200963ED1 /* Project object */;
			proxyType = 1;
			remoteGlobalIDString = 9B5E9F1F289CD9E200963ED1;
			remoteInfo = GitHub_iOS;
		};
/* End PBXContainerItemProxy section */

/* Begin PBXFileReference section */
		06A61587B713BFE147CD3F08 /* Pods-GitHub_iOS.release.xcconfig */ = {isa = PBXFileReference; includeInIndex = 1; lastKnownFileType = text.xcconfig; name = "Pods-GitHub_iOS.release.xcconfig"; path = "Target Support Files/Pods-GitHub_iOS/Pods-GitHub_iOS.release.xcconfig"; sourceTree = "<group>"; };
		287464E839791C95CB474C02 /* Pods_GitHub_iOS.framework */ = {isa = PBXFileReference; explicitFileType = wrapper.framework; includeInIndex = 0; path = Pods_GitHub_iOS.framework; sourceTree = BUILT_PRODUCTS_DIR; };
		2A3F29C8D8D9D90E817AB19E /* Pods_GitHub_iOSTests.framework */ = {isa = PBXFileReference; explicitFileType = wrapper.framework; includeInIndex = 0; path = Pods_GitHub_iOSTests.framework; sourceTree = BUILT_PRODUCTS_DIR; };
		30BCCA1577F4ACDE8BAD064B /* Pods-GitHub_iOSTests.release.xcconfig */ = {isa = PBXFileReference; includeInIndex = 1; lastKnownFileType = text.xcconfig; name = "Pods-GitHub_iOSTests.release.xcconfig"; path = "Target Support Files/Pods-GitHub_iOSTests/Pods-GitHub_iOSTests.release.xcconfig"; sourceTree = "<group>"; };
		48EBFE3DABD3B7BB03CC027A /* Pods-GitHub_iOS.debug.xcconfig */ = {isa = PBXFileReference; includeInIndex = 1; lastKnownFileType = text.xcconfig; name = "Pods-GitHub_iOS.debug.xcconfig"; path = "Target Support Files/Pods-GitHub_iOS/Pods-GitHub_iOS.debug.xcconfig"; sourceTree = "<group>"; };
		51A9853F7A877F1458B46CFF /* Pods-GitHub_iOS-GitHub_iOSUITests.debug.xcconfig */ = {isa = PBXFileReference; includeInIndex = 1; lastKnownFileType = text.xcconfig; name = "Pods-GitHub_iOS-GitHub_iOSUITests.debug.xcconfig"; path = "Target Support Files/Pods-GitHub_iOS-GitHub_iOSUITests/Pods-GitHub_iOS-GitHub_iOSUITests.debug.xcconfig"; sourceTree = "<group>"; };
		74B71C0F731F96BF4C755DEF /* Pods-GitHub_iOSTests.debug.xcconfig */ = {isa = PBXFileReference; includeInIndex = 1; lastKnownFileType = text.xcconfig; name = "Pods-GitHub_iOSTests.debug.xcconfig"; path = "Target Support Files/Pods-GitHub_iOSTests/Pods-GitHub_iOSTests.debug.xcconfig"; sourceTree = "<group>"; };
		9B27032D289F7BB100D65283 /* UIViewController+Extension.swift */ = {isa = PBXFileReference; lastKnownFileType = sourcecode.swift; path = "UIViewController+Extension.swift"; sourceTree = "<group>"; };
		9B27033228A029D900D65283 /* RepositoryTableViewCell.swift */ = {isa = PBXFileReference; lastKnownFileType = sourcecode.swift; path = RepositoryTableViewCell.swift; sourceTree = "<group>"; };
		9B41FA4D28A5399700EDE4C5 /* RepositoryInfo.swift */ = {isa = PBXFileReference; fileEncoding = 4; lastKnownFileType = sourcecode.swift; path = RepositoryInfo.swift; sourceTree = "<group>"; };
		9B41FA5028A539A500EDE4C5 /* SearchReactor.swift */ = {isa = PBXFileReference; fileEncoding = 4; lastKnownFileType = sourcecode.swift; path = SearchReactor.swift; sourceTree = "<group>"; };
		9B41FA5328A53D8E00EDE4C5 /* Key.plist */ = {isa = PBXFileReference; lastKnownFileType = text.plist.xml; path = Key.plist; sourceTree = "<group>"; };
		9B5E9F20289CD9E200963ED1 /* GitHub_iOS.app */ = {isa = PBXFileReference; explicitFileType = wrapper.application; includeInIndex = 0; path = GitHub_iOS.app; sourceTree = BUILT_PRODUCTS_DIR; };
		9B5E9F23289CD9E200963ED1 /* AppDelegate.swift */ = {isa = PBXFileReference; lastKnownFileType = sourcecode.swift; path = AppDelegate.swift; sourceTree = "<group>"; };
		9B5E9F25289CD9E200963ED1 /* SceneDelegate.swift */ = {isa = PBXFileReference; lastKnownFileType = sourcecode.swift; path = SceneDelegate.swift; sourceTree = "<group>"; };
		9B5E9F2C289CD9E600963ED1 /* Assets.xcassets */ = {isa = PBXFileReference; lastKnownFileType = folder.assetcatalog; name = Assets.xcassets; path = GitHub_iOS/Resources/Assets.xcassets; sourceTree = SOURCE_ROOT; };
		9B5E9F31289CD9E600963ED1 /* Info.plist */ = {isa = PBXFileReference; lastKnownFileType = text.plist.xml; path = Info.plist; sourceTree = "<group>"; };
		9B5E9F36289CD9E600963ED1 /* GitHub_iOSTests.xctest */ = {isa = PBXFileReference; explicitFileType = wrapper.cfbundle; includeInIndex = 0; path = GitHub_iOSTests.xctest; sourceTree = BUILT_PRODUCTS_DIR; };
		9B5E9F3A289CD9E600963ED1 /* KeychainManagerTests.swift */ = {isa = PBXFileReference; lastKnownFileType = sourcecode.swift; path = KeychainManagerTests.swift; sourceTree = "<group>"; };
		9B63934828DEFE3000784E2A /* APIServiceTests.swift */ = {isa = PBXFileReference; lastKnownFileType = sourcecode.swift; path = APIServiceTests.swift; sourceTree = "<group>"; };
		9B63935428E041E700784E2A /* LoginUseCase.swift */ = {isa = PBXFileReference; lastKnownFileType = sourcecode.swift; path = LoginUseCase.swift; sourceTree = "<group>"; };
		9B63935628E0460800784E2A /* DefaultLoginRepository.swift */ = {isa = PBXFileReference; lastKnownFileType = sourcecode.swift; path = DefaultLoginRepository.swift; sourceTree = "<group>"; };
		9B63935A28E0463500784E2A /* LoginRepository.swift */ = {isa = PBXFileReference; lastKnownFileType = sourcecode.swift; path = LoginRepository.swift; sourceTree = "<group>"; };
		9B63935D28E05D6600784E2A /* SearchUseCase.swift */ = {isa = PBXFileReference; lastKnownFileType = sourcecode.swift; path = SearchUseCase.swift; sourceTree = "<group>"; };
		9B63936028E05E2D00784E2A /* SearchRepository.swift */ = {isa = PBXFileReference; lastKnownFileType = sourcecode.swift; path = SearchRepository.swift; sourceTree = "<group>"; };
		9B63936328E0634600784E2A /* DefaultSearchRepository.swift */ = {isa = PBXFileReference; lastKnownFileType = sourcecode.swift; path = DefaultSearchRepository.swift; sourceTree = "<group>"; };
		9B63936628E065DC00784E2A /* ProfileUseCase.swift */ = {isa = PBXFileReference; lastKnownFileType = sourcecode.swift; path = ProfileUseCase.swift; sourceTree = "<group>"; };
		9B63936928E0666E00784E2A /* ProfileRepository.swift */ = {isa = PBXFileReference; lastKnownFileType = sourcecode.swift; path = ProfileRepository.swift; sourceTree = "<group>"; };
		9B63936C28E066AD00784E2A /* DefaultProfileRepository.swift */ = {isa = PBXFileReference; lastKnownFileType = sourcecode.swift; path = DefaultProfileRepository.swift; sourceTree = "<group>"; };
		9B63936F28E1556600784E2A /* StarUseCase.swift */ = {isa = PBXFileReference; lastKnownFileType = sourcecode.swift; path = StarUseCase.swift; sourceTree = "<group>"; };
		9B63937228E1564200784E2A /* StarRepository.swift */ = {isa = PBXFileReference; lastKnownFileType = sourcecode.swift; path = StarRepository.swift; sourceTree = "<group>"; };
		9B63937528E164FE00784E2A /* DefaultStarRepository.swift */ = {isa = PBXFileReference; lastKnownFileType = sourcecode.swift; path = DefaultStarRepository.swift; sourceTree = "<group>"; };
		9B6A44A3289EA25E00C12313 /* TabBarController.swift */ = {isa = PBXFileReference; lastKnownFileType = sourcecode.swift; path = TabBarController.swift; sourceTree = "<group>"; };
		9B6A44A5289EA38A00C12313 /* TabBar.swift */ = {isa = PBXFileReference; lastKnownFileType = sourcecode.swift; path = TabBar.swift; sourceTree = "<group>"; };
		9B6A44A8289EA3E400C12313 /* UIFont+Extension.swift */ = {isa = PBXFileReference; lastKnownFileType = sourcecode.swift; path = "UIFont+Extension.swift"; sourceTree = "<group>"; };
		9B6A44AA289EA4BD00C12313 /* UIView+Extension.swift */ = {isa = PBXFileReference; lastKnownFileType = sourcecode.swift; path = "UIView+Extension.swift"; sourceTree = "<group>"; };
		9B6A44AF289EA56400C12313 /* SearchViewController.swift */ = {isa = PBXFileReference; fileEncoding = 4; lastKnownFileType = sourcecode.swift; path = SearchViewController.swift; sourceTree = "<group>"; };
		9B6A44B2289EA58900C12313 /* ProfileViewController.swift */ = {isa = PBXFileReference; lastKnownFileType = sourcecode.swift; path = ProfileViewController.swift; sourceTree = "<group>"; };
		9B6A44B4289EB81500C12313 /* UIImage+Extension.swift */ = {isa = PBXFileReference; lastKnownFileType = sourcecode.swift; path = "UIImage+Extension.swift"; sourceTree = "<group>"; };
		9B6EFDCE28A3AFFA00C7464E /* RepositoryTableViewCellReactor.swift */ = {isa = PBXFileReference; lastKnownFileType = sourcecode.swift; path = RepositoryTableViewCellReactor.swift; sourceTree = "<group>"; };
		9B7606F828FEF9DD00EB6297 /* Token.swift */ = {isa = PBXFileReference; lastKnownFileType = sourcecode.swift; path = Token.swift; sourceTree = "<group>"; };
		9B781D5C28A091FB0075D72F /* MyStarRepositoryTableViewHeaderView.swift */ = {isa = PBXFileReference; lastKnownFileType = sourcecode.swift; path = MyStarRepositoryTableViewHeaderView.swift; sourceTree = "<group>"; };
		9B781D5E28A0ECCC0075D72F /* UIColor+Extension.swift */ = {isa = PBXFileReference; lastKnownFileType = sourcecode.swift; path = "UIColor+Extension.swift"; sourceTree = "<group>"; };
		9B781D6028A0F1F00075D72F /* RepositoryTopicCollectionViewCell.swift */ = {isa = PBXFileReference; lastKnownFileType = sourcecode.swift; path = RepositoryTopicCollectionViewCell.swift; sourceTree = "<group>"; };
		9B781D6A28A18A7C0075D72F /* ProfileReactor.swift */ = {isa = PBXFileReference; lastKnownFileType = sourcecode.swift; path = ProfileReactor.swift; sourceTree = "<group>"; };
		9B781D6F28A1FE450075D72F /* UserRepository.swift */ = {isa = PBXFileReference; lastKnownFileType = sourcecode.swift; path = UserRepository.swift; sourceTree = "<group>"; };
		9B85BD8028DA13D000E47747 /* LoadingIndicatorView.swift */ = {isa = PBXFileReference; lastKnownFileType = sourcecode.swift; path = LoadingIndicatorView.swift; sourceTree = "<group>"; };
		9BC2E17328A2A41300B5A8B6 /* User.swift */ = {isa = PBXFileReference; fileEncoding = 4; lastKnownFileType = sourcecode.swift; path = User.swift; sourceTree = "<group>"; };
		9BC2E17528A2ACCA00B5A8B6 /* LanguageType.swift */ = {isa = PBXFileReference; lastKnownFileType = sourcecode.swift; path = LanguageType.swift; sourceTree = "<group>"; };
		9BC2E17928A312CE00B5A8B6 /* UICollectionView+Extension.swift */ = {isa = PBXFileReference; fileEncoding = 4; lastKnownFileType = sourcecode.swift; path = "UICollectionView+Extension.swift"; sourceTree = "<group>"; };
		9BC2E17A28A312CE00B5A8B6 /* UITableView+Extension.swift */ = {isa = PBXFileReference; fileEncoding = 4; lastKnownFileType = sourcecode.swift; path = "UITableView+Extension.swift"; sourceTree = "<group>"; };
		9BD5B291289EF1D90062206C /* KeychainManager.swift */ = {isa = PBXFileReference; lastKnownFileType = sourcecode.swift; path = KeychainManager.swift; sourceTree = "<group>"; };
		9BD5B295289EF2510062206C /* LoginViewController.swift */ = {isa = PBXFileReference; lastKnownFileType = sourcecode.swift; path = LoginViewController.swift; sourceTree = "<group>"; };
		9BD5B297289EF2880062206C /* LoginReactor.swift */ = {isa = PBXFileReference; lastKnownFileType = sourcecode.swift; path = LoginReactor.swift; sourceTree = "<group>"; };
		9BD5B299289EFABC0062206C /* NotificationName+Extension.swift */ = {isa = PBXFileReference; lastKnownFileType = sourcecode.swift; path = "NotificationName+Extension.swift"; sourceTree = "<group>"; };
		9BD5B29C289EFB7D0062206C /* GitHubAPI.swift */ = {isa = PBXFileReference; lastKnownFileType = sourcecode.swift; path = GitHubAPI.swift; sourceTree = "<group>"; };
		9BD5B29E289EFB8C0062206C /* APIConstants.swift */ = {isa = PBXFileReference; lastKnownFileType = sourcecode.swift; path = APIConstants.swift; sourceTree = "<group>"; };
		9BD5B2A0289EFB990062206C /* APIService.swift */ = {isa = PBXFileReference; lastKnownFileType = sourcecode.swift; path = APIService.swift; sourceTree = "<group>"; };
		9BD5B2A2289EFBA30062206C /* DefaultSession.swift */ = {isa = PBXFileReference; lastKnownFileType = sourcecode.swift; path = DefaultSession.swift; sourceTree = "<group>"; };
		B3ECBAB707E8B0F90F9B0EEB /* Pods_GitHub_iOS_GitHub_iOSUITests.framework */ = {isa = PBXFileReference; explicitFileType = wrapper.framework; includeInIndex = 0; path = Pods_GitHub_iOS_GitHub_iOSUITests.framework; sourceTree = BUILT_PRODUCTS_DIR; };
		CF1AA66F3BA2D807985B69FF /* Pods-GitHub_iOS-GitHub_iOSUITests.release.xcconfig */ = {isa = PBXFileReference; includeInIndex = 1; lastKnownFileType = text.xcconfig; name = "Pods-GitHub_iOS-GitHub_iOSUITests.release.xcconfig"; path = "Target Support Files/Pods-GitHub_iOS-GitHub_iOSUITests/Pods-GitHub_iOS-GitHub_iOSUITests.release.xcconfig"; sourceTree = "<group>"; };
/* End PBXFileReference section */

/* Begin PBXFrameworksBuildPhase section */
		9B5E9F1D289CD9E200963ED1 /* Frameworks */ = {
			isa = PBXFrameworksBuildPhase;
			buildActionMask = 2147483647;
			files = (
				B450AA7BD21C54D6FCD60D2A /* Pods_GitHub_iOS.framework in Frameworks */,
			);
			runOnlyForDeploymentPostprocessing = 0;
		};
		9B5E9F33289CD9E600963ED1 /* Frameworks */ = {
			isa = PBXFrameworksBuildPhase;
			buildActionMask = 2147483647;
			files = (
				F01B65CE12EC634A85CF3430 /* Pods_GitHub_iOSTests.framework in Frameworks */,
			);
			runOnlyForDeploymentPostprocessing = 0;
		};
/* End PBXFrameworksBuildPhase section */

/* Begin PBXGroup section */
		69466FAA994BCA608413706E /* Pods */ = {
			isa = PBXGroup;
			children = (
				48EBFE3DABD3B7BB03CC027A /* Pods-GitHub_iOS.debug.xcconfig */,
				06A61587B713BFE147CD3F08 /* Pods-GitHub_iOS.release.xcconfig */,
				51A9853F7A877F1458B46CFF /* Pods-GitHub_iOS-GitHub_iOSUITests.debug.xcconfig */,
				CF1AA66F3BA2D807985B69FF /* Pods-GitHub_iOS-GitHub_iOSUITests.release.xcconfig */,
				74B71C0F731F96BF4C755DEF /* Pods-GitHub_iOSTests.debug.xcconfig */,
				30BCCA1577F4ACDE8BAD064B /* Pods-GitHub_iOSTests.release.xcconfig */,
			);
			path = Pods;
			sourceTree = "<group>";
		};
		83773988C9D5A615E3CAD90A /* Frameworks */ = {
			isa = PBXGroup;
			children = (
				287464E839791C95CB474C02 /* Pods_GitHub_iOS.framework */,
				B3ECBAB707E8B0F90F9B0EEB /* Pods_GitHub_iOS_GitHub_iOSUITests.framework */,
				2A3F29C8D8D9D90E817AB19E /* Pods_GitHub_iOSTests.framework */,
			);
			name = Frameworks;
			sourceTree = "<group>";
		};
		9B27033128A029AE00D65283 /* Cell */ = {
			isa = PBXGroup;
			children = (
				9B6EFDD028A3C96700C7464E /* Reactor */,
				9B27033228A029D900D65283 /* RepositoryTableViewCell.swift */,
				9B781D6028A0F1F00075D72F /* RepositoryTopicCollectionViewCell.swift */,
			);
			path = Cell;
			sourceTree = "<group>";
		};
		9B41FA4B28A538F900EDE4C5 /* Reactor */ = {
			isa = PBXGroup;
			children = (
				9B41FA5028A539A500EDE4C5 /* SearchReactor.swift */,
			);
			name = Reactor;
			path = ../Reactor;
			sourceTree = "<group>";
		};
		9B5E9F17289CD9E200963ED1 = {
			isa = PBXGroup;
			children = (
				9B5E9F22289CD9E200963ED1 /* GitHub_iOS */,
				9B5E9F39289CD9E600963ED1 /* GitHub_iOSTests */,
				9B5E9F21289CD9E200963ED1 /* Products */,
				69466FAA994BCA608413706E /* Pods */,
				83773988C9D5A615E3CAD90A /* Frameworks */,
			);
			sourceTree = "<group>";
		};
		9B5E9F21289CD9E200963ED1 /* Products */ = {
			isa = PBXGroup;
			children = (
				9B5E9F20289CD9E200963ED1 /* GitHub_iOS.app */,
				9B5E9F36289CD9E600963ED1 /* GitHub_iOSTests.xctest */,
			);
			name = Products;
			sourceTree = "<group>";
		};
		9B5E9F22289CD9E200963ED1 /* GitHub_iOS */ = {
			isa = PBXGroup;
			children = (
				9B63934D28E0279700784E2A /* Application */,
				9B5E9F56289CDA7B00963ED1 /* Utils */,
				9B63934A28E0267800784E2A /* Presentation */,
				9B63934C28E026AE00784E2A /* Domain */,
				9B63934B28E026A700784E2A /* Data */,
				9B5E9F54289CDA6B00963ED1 /* Resources */,
			);
			path = GitHub_iOS;
			sourceTree = "<group>";
		};
		9B5E9F39289CD9E600963ED1 /* GitHub_iOSTests */ = {
			isa = PBXGroup;
			children = (
				9B63934828DEFE3000784E2A /* APIServiceTests.swift */,
				9B5E9F3A289CD9E600963ED1 /* KeychainManagerTests.swift */,
			);
			path = GitHub_iOSTests;
			sourceTree = "<group>";
		};
		9B5E9F54289CDA6B00963ED1 /* Resources */ = {
			isa = PBXGroup;
			children = (
				9B5E9F2C289CD9E600963ED1 /* Assets.xcassets */,
				9B5E9F31289CD9E600963ED1 /* Info.plist */,
				9B41FA5328A53D8E00EDE4C5 /* Key.plist */,
			);
			path = Resources;
			sourceTree = "<group>";
		};
		9B5E9F55289CDA7500963ED1 /* Scenes */ = {
			isa = PBXGroup;
			children = (
				9B6A44A0289EA23400C12313 /* TabBar */,
				9BD5B293289EF22F0062206C /* Login */,
				9B6A449F289EA22D00C12313 /* Search */,
				9B6A449E289EA22500C12313 /* Profile */,
			);
			path = Scenes;
			sourceTree = "<group>";
		};
		9B5E9F56289CDA7B00963ED1 /* Utils */ = {
			isa = PBXGroup;
			children = (
				9B6A44A7289EA3D400C12313 /* Extension */,
				9BD5B290289EF1C80062206C /* Manager */,
			);
			path = Utils;
			sourceTree = "<group>";
		};
		9B63934A28E0267800784E2A /* Presentation */ = {
			isa = PBXGroup;
			children = (
				9B5E9F55289CDA7500963ED1 /* Scenes */,
			);
			path = Presentation;
			sourceTree = "<group>";
		};
		9B63934B28E026A700784E2A /* Data */ = {
			isa = PBXGroup;
			children = (
				9B63934E28E0286E00784E2A /* Repositories */,
				9BD5B29B289EFB5C0062206C /* Network */,
			);
			path = Data;
			sourceTree = "<group>";
		};
		9B63934C28E026AE00784E2A /* Domain */ = {
			isa = PBXGroup;
			children = (
				9B63934F28E0287A00784E2A /* Entities */,
				9B63935028E0288A00784E2A /* UseCases */,
				9B63935128E0289000784E2A /* Interfaces */,
			);
			path = Domain;
			sourceTree = "<group>";
		};
		9B63934D28E0279700784E2A /* Application */ = {
			isa = PBXGroup;
			children = (
				9B5E9F23289CD9E200963ED1 /* AppDelegate.swift */,
				9B5E9F25289CD9E200963ED1 /* SceneDelegate.swift */,
			);
			path = Application;
			sourceTree = "<group>";
		};
		9B63934E28E0286E00784E2A /* Repositories */ = {
			isa = PBXGroup;
			children = (
				9B63935628E0460800784E2A /* DefaultLoginRepository.swift */,
				9B63936328E0634600784E2A /* DefaultSearchRepository.swift */,
				9B63936C28E066AD00784E2A /* DefaultProfileRepository.swift */,
				9B63937528E164FE00784E2A /* DefaultStarRepository.swift */,
			);
			path = Repositories;
			sourceTree = "<group>";
		};
		9B63934F28E0287A00784E2A /* Entities */ = {
			isa = PBXGroup;
			children = (
				9B6A44A5289EA38A00C12313 /* TabBar.swift */,
				9B7606F828FEF9DD00EB6297 /* Token.swift */,
				9B41FA4D28A5399700EDE4C5 /* RepositoryInfo.swift */,
				9BC2E17328A2A41300B5A8B6 /* User.swift */,
				9B781D6F28A1FE450075D72F /* UserRepository.swift */,
				9BC2E17528A2ACCA00B5A8B6 /* LanguageType.swift */,
			);
			path = Entities;
			sourceTree = "<group>";
		};
		9B63935028E0288A00784E2A /* UseCases */ = {
			isa = PBXGroup;
			children = (
				9B63935428E041E700784E2A /* LoginUseCase.swift */,
				9B63935D28E05D6600784E2A /* SearchUseCase.swift */,
				9B63936628E065DC00784E2A /* ProfileUseCase.swift */,
				9B63936F28E1556600784E2A /* StarUseCase.swift */,
			);
			path = UseCases;
			sourceTree = "<group>";
		};
		9B63935128E0289000784E2A /* Interfaces */ = {
			isa = PBXGroup;
			children = (
				9B63935228E028A300784E2A /* Repositories */,
			);
			path = Interfaces;
			sourceTree = "<group>";
		};
		9B63935228E028A300784E2A /* Repositories */ = {
			isa = PBXGroup;
			children = (
				9B63935A28E0463500784E2A /* LoginRepository.swift */,
				9B63936028E05E2D00784E2A /* SearchRepository.swift */,
				9B63936928E0666E00784E2A /* ProfileRepository.swift */,
				9B63937228E1564200784E2A /* StarRepository.swift */,
			);
			path = Repositories;
			sourceTree = "<group>";
		};
		9B6A449E289EA22500C12313 /* Profile */ = {
			isa = PBXGroup;
			children = (
				9B6A44B1289EA57000C12313 /* View */,
				9B781D6928A18A560075D72F /* Reactor */,
			);
			path = Profile;
			sourceTree = "<group>";
		};
		9B6A449F289EA22D00C12313 /* Search */ = {
			isa = PBXGroup;
			children = (
				9B41FA4B28A538F900EDE4C5 /* Reactor */,
				9B6A44AE289EA56400C12313 /* View */,
			);
			name = Search;
			path = Search/View;
			sourceTree = "<group>";
		};
		9B6A44A0289EA23400C12313 /* TabBar */ = {
			isa = PBXGroup;
			children = (
				9B6A44A1289EA23A00C12313 /* View */,
			);
			path = TabBar;
			sourceTree = "<group>";
		};
		9B6A44A1289EA23A00C12313 /* View */ = {
			isa = PBXGroup;
			children = (
				9B6A44A3289EA25E00C12313 /* TabBarController.swift */,
			);
			path = View;
			sourceTree = "<group>";
		};
		9B6A44A7289EA3D400C12313 /* Extension */ = {
			isa = PBXGroup;
			children = (
				9B6A44A8289EA3E400C12313 /* UIFont+Extension.swift */,
				9B6A44AA289EA4BD00C12313 /* UIView+Extension.swift */,
				9B6A44B4289EB81500C12313 /* UIImage+Extension.swift */,
				9BD5B299289EFABC0062206C /* NotificationName+Extension.swift */,
				9B27032D289F7BB100D65283 /* UIViewController+Extension.swift */,
				9B781D5E28A0ECCC0075D72F /* UIColor+Extension.swift */,
				9BC2E17928A312CE00B5A8B6 /* UICollectionView+Extension.swift */,
				9BC2E17A28A312CE00B5A8B6 /* UITableView+Extension.swift */,
			);
			path = Extension;
			sourceTree = "<group>";
		};
		9B6A44AE289EA56400C12313 /* View */ = {
			isa = PBXGroup;
			children = (
				9B85BD7F28DA13B400E47747 /* CustomView */,
				9B6A44AF289EA56400C12313 /* SearchViewController.swift */,
			);
			name = View;
			sourceTree = "<group>";
		};
		9B6A44B1289EA57000C12313 /* View */ = {
			isa = PBXGroup;
			children = (
				9B27033128A029AE00D65283 /* Cell */,
				9B6A44B2289EA58900C12313 /* ProfileViewController.swift */,
				9B781D5C28A091FB0075D72F /* MyStarRepositoryTableViewHeaderView.swift */,
			);
			path = View;
			sourceTree = "<group>";
		};
		9B6EFDD028A3C96700C7464E /* Reactor */ = {
			isa = PBXGroup;
			children = (
				9B6EFDCE28A3AFFA00C7464E /* RepositoryTableViewCellReactor.swift */,
			);
			path = Reactor;
			sourceTree = "<group>";
		};
		9B781D6728A18A280075D72F /* Reactor */ = {
			isa = PBXGroup;
			children = (
				9BD5B297289EF2880062206C /* LoginReactor.swift */,
			);
			path = Reactor;
			sourceTree = "<group>";
		};
		9B781D6928A18A560075D72F /* Reactor */ = {
			isa = PBXGroup;
			children = (
				9B781D6A28A18A7C0075D72F /* ProfileReactor.swift */,
			);
			path = Reactor;
			sourceTree = "<group>";
		};
		9B85BD7F28DA13B400E47747 /* CustomView */ = {
			isa = PBXGroup;
			children = (
				9B85BD8028DA13D000E47747 /* LoadingIndicatorView.swift */,
			);
			name = CustomView;
			sourceTree = "<group>";
		};
		9BD5B290289EF1C80062206C /* Manager */ = {
			isa = PBXGroup;
			children = (
				9BD5B291289EF1D90062206C /* KeychainManager.swift */,
			);
			path = Manager;
			sourceTree = "<group>";
		};
		9BD5B293289EF22F0062206C /* Login */ = {
			isa = PBXGroup;
			children = (
				9B781D6728A18A280075D72F /* Reactor */,
				9BD5B294289EF23A0062206C /* View */,
			);
			path = Login;
			sourceTree = "<group>";
		};
		9BD5B294289EF23A0062206C /* View */ = {
			isa = PBXGroup;
			children = (
				9BD5B295289EF2510062206C /* LoginViewController.swift */,
			);
			path = View;
			sourceTree = "<group>";
		};
		9BD5B29B289EFB5C0062206C /* Network */ = {
			isa = PBXGroup;
			children = (
				9BD5B29C289EFB7D0062206C /* GitHubAPI.swift */,
				9BD5B29E289EFB8C0062206C /* APIConstants.swift */,
				9BD5B2A0289EFB990062206C /* APIService.swift */,
				9BD5B2A2289EFBA30062206C /* DefaultSession.swift */,
			);
			path = Network;
			sourceTree = "<group>";
		};
/* End PBXGroup section */

/* Begin PBXNativeTarget section */
		9B5E9F1F289CD9E200963ED1 /* GitHub_iOS */ = {
			isa = PBXNativeTarget;
			buildConfigurationList = 9B5E9F4A289CD9E600963ED1 /* Build configuration list for PBXNativeTarget "GitHub_iOS" */;
			buildPhases = (
				6318045DAEC1F9AA33D8FBDD /* [CP] Check Pods Manifest.lock */,
				9B5E9F1C289CD9E200963ED1 /* Sources */,
				9B5E9F1D289CD9E200963ED1 /* Frameworks */,
				9B5E9F1E289CD9E200963ED1 /* Resources */,
				D5DC3049EE9D2837D6FFB6AE /* [CP] Embed Pods Frameworks */,
			);
			buildRules = (
			);
			dependencies = (
			);
			name = GitHub_iOS;
			productName = GitHub_iOS;
			productReference = 9B5E9F20289CD9E200963ED1 /* GitHub_iOS.app */;
			productType = "com.apple.product-type.application";
		};
		9B5E9F35289CD9E600963ED1 /* GitHub_iOSTests */ = {
			isa = PBXNativeTarget;
			buildConfigurationList = 9B5E9F4D289CD9E600963ED1 /* Build configuration list for PBXNativeTarget "GitHub_iOSTests" */;
			buildPhases = (
				64C420377FC54A3673B4CA98 /* [CP] Check Pods Manifest.lock */,
				9B5E9F32289CD9E600963ED1 /* Sources */,
				9B5E9F33289CD9E600963ED1 /* Frameworks */,
				9B5E9F34289CD9E600963ED1 /* Resources */,
			);
			buildRules = (
			);
			dependencies = (
				9B5E9F38289CD9E600963ED1 /* PBXTargetDependency */,
			);
			name = GitHub_iOSTests;
			productName = GitHub_iOSTests;
			productReference = 9B5E9F36289CD9E600963ED1 /* GitHub_iOSTests.xctest */;
			productType = "com.apple.product-type.bundle.unit-test";
		};
/* End PBXNativeTarget section */

/* Begin PBXProject section */
		9B5E9F18289CD9E200963ED1 /* Project object */ = {
			isa = PBXProject;
			attributes = {
				BuildIndependentTargetsInParallel = 1;
				LastSwiftUpdateCheck = 1300;
				LastUpgradeCheck = 1300;
				TargetAttributes = {
					9B5E9F1F289CD9E200963ED1 = {
						CreatedOnToolsVersion = 13.0;
					};
					9B5E9F35289CD9E600963ED1 = {
						CreatedOnToolsVersion = 13.0;
						TestTargetID = 9B5E9F1F289CD9E200963ED1;
					};
				};
			};
			buildConfigurationList = 9B5E9F1B289CD9E200963ED1 /* Build configuration list for PBXProject "GitHub_iOS" */;
			compatibilityVersion = "Xcode 13.0";
			developmentRegion = en;
			hasScannedForEncodings = 0;
			knownRegions = (
				en,
				Base,
			);
			mainGroup = 9B5E9F17289CD9E200963ED1;
			productRefGroup = 9B5E9F21289CD9E200963ED1 /* Products */;
			projectDirPath = "";
			projectRoot = "";
			targets = (
				9B5E9F1F289CD9E200963ED1 /* GitHub_iOS */,
				9B5E9F35289CD9E600963ED1 /* GitHub_iOSTests */,
			);
		};
/* End PBXProject section */

/* Begin PBXResourcesBuildPhase section */
		9B5E9F1E289CD9E200963ED1 /* Resources */ = {
			isa = PBXResourcesBuildPhase;
			buildActionMask = 2147483647;
			files = (
				9B41FA5428A53D8E00EDE4C5 /* Key.plist in Resources */,
				9B5E9F2D289CD9E600963ED1 /* Assets.xcassets in Resources */,
			);
			runOnlyForDeploymentPostprocessing = 0;
		};
		9B5E9F34289CD9E600963ED1 /* Resources */ = {
			isa = PBXResourcesBuildPhase;
			buildActionMask = 2147483647;
			files = (
				9B41FA5528A53D8E00EDE4C5 /* Key.plist in Resources */,
			);
			runOnlyForDeploymentPostprocessing = 0;
		};
/* End PBXResourcesBuildPhase section */

/* Begin PBXShellScriptBuildPhase section */
		6318045DAEC1F9AA33D8FBDD /* [CP] Check Pods Manifest.lock */ = {
			isa = PBXShellScriptBuildPhase;
			buildActionMask = 2147483647;
			files = (
			);
			inputFileListPaths = (
			);
			inputPaths = (
				"${PODS_PODFILE_DIR_PATH}/Podfile.lock",
				"${PODS_ROOT}/Manifest.lock",
			);
			name = "[CP] Check Pods Manifest.lock";
			outputFileListPaths = (
			);
			outputPaths = (
				"$(DERIVED_FILE_DIR)/Pods-GitHub_iOS-checkManifestLockResult.txt",
			);
			runOnlyForDeploymentPostprocessing = 0;
			shellPath = /bin/sh;
			shellScript = "diff \"${PODS_PODFILE_DIR_PATH}/Podfile.lock\" \"${PODS_ROOT}/Manifest.lock\" > /dev/null\nif [ $? != 0 ] ; then\n    # print error to STDERR\n    echo \"error: The sandbox is not in sync with the Podfile.lock. Run 'pod install' or update your CocoaPods installation.\" >&2\n    exit 1\nfi\n# This output is used by Xcode 'outputs' to avoid re-running this script phase.\necho \"SUCCESS\" > \"${SCRIPT_OUTPUT_FILE_0}\"\n";
			showEnvVarsInLog = 0;
		};
		64C420377FC54A3673B4CA98 /* [CP] Check Pods Manifest.lock */ = {
			isa = PBXShellScriptBuildPhase;
			buildActionMask = 2147483647;
			files = (
			);
			inputFileListPaths = (
			);
			inputPaths = (
				"${PODS_PODFILE_DIR_PATH}/Podfile.lock",
				"${PODS_ROOT}/Manifest.lock",
			);
			name = "[CP] Check Pods Manifest.lock";
			outputFileListPaths = (
			);
			outputPaths = (
				"$(DERIVED_FILE_DIR)/Pods-GitHub_iOSTests-checkManifestLockResult.txt",
			);
			runOnlyForDeploymentPostprocessing = 0;
			shellPath = /bin/sh;
			shellScript = "diff \"${PODS_PODFILE_DIR_PATH}/Podfile.lock\" \"${PODS_ROOT}/Manifest.lock\" > /dev/null\nif [ $? != 0 ] ; then\n    # print error to STDERR\n    echo \"error: The sandbox is not in sync with the Podfile.lock. Run 'pod install' or update your CocoaPods installation.\" >&2\n    exit 1\nfi\n# This output is used by Xcode 'outputs' to avoid re-running this script phase.\necho \"SUCCESS\" > \"${SCRIPT_OUTPUT_FILE_0}\"\n";
			showEnvVarsInLog = 0;
		};
		D5DC3049EE9D2837D6FFB6AE /* [CP] Embed Pods Frameworks */ = {
			isa = PBXShellScriptBuildPhase;
			buildActionMask = 2147483647;
			files = (
			);
			inputFileListPaths = (
				"${PODS_ROOT}/Target Support Files/Pods-GitHub_iOS/Pods-GitHub_iOS-frameworks-${CONFIGURATION}-input-files.xcfilelist",
			);
			name = "[CP] Embed Pods Frameworks";
			outputFileListPaths = (
				"${PODS_ROOT}/Target Support Files/Pods-GitHub_iOS/Pods-GitHub_iOS-frameworks-${CONFIGURATION}-output-files.xcfilelist",
			);
			runOnlyForDeploymentPostprocessing = 0;
			shellPath = /bin/sh;
			shellScript = "\"${PODS_ROOT}/Target Support Files/Pods-GitHub_iOS/Pods-GitHub_iOS-frameworks.sh\"\n";
			showEnvVarsInLog = 0;
		};
/* End PBXShellScriptBuildPhase section */

/* Begin PBXSourcesBuildPhase section */
		9B5E9F1C289CD9E200963ED1 /* Sources */ = {
			isa = PBXSourcesBuildPhase;
			buildActionMask = 2147483647;
			files = (
				9B41FA5128A539A500EDE4C5 /* SearchReactor.swift in Sources */,
				9B27032E289F7BB100D65283 /* UIViewController+Extension.swift in Sources */,
				9B6A44AB289EA4BD00C12313 /* UIView+Extension.swift in Sources */,
				9BC2E17428A2A41400B5A8B6 /* User.swift in Sources */,
				9B781D6B28A18A7C0075D72F /* ProfileReactor.swift in Sources */,
				9B781D7028A1FE450075D72F /* UserRepository.swift in Sources */,
				9B63937628E164FE00784E2A /* DefaultStarRepository.swift in Sources */,
				9B6A44B0289EA56400C12313 /* SearchViewController.swift in Sources */,
				9B27033328A029D900D65283 /* RepositoryTableViewCell.swift in Sources */,
				9B41FA4E28A5399700EDE4C5 /* RepositoryInfo.swift in Sources */,
				9B63936728E065DC00784E2A /* ProfileUseCase.swift in Sources */,
				9B6A44A4289EA25E00C12313 /* TabBarController.swift in Sources */,
				9B63936D28E066AD00784E2A /* DefaultProfileRepository.swift in Sources */,
				9B6A44B5289EB81500C12313 /* UIImage+Extension.swift in Sources */,
				9B781D6128A0F1F00075D72F /* RepositoryTopicCollectionViewCell.swift in Sources */,
				9BD5B2A3289EFBA30062206C /* DefaultSession.swift in Sources */,
				9BC2E17628A2ACCA00B5A8B6 /* LanguageType.swift in Sources */,
				9B5E9F24289CD9E200963ED1 /* AppDelegate.swift in Sources */,
				9BD5B29D289EFB7D0062206C /* GitHubAPI.swift in Sources */,
				9B63935728E0460900784E2A /* DefaultLoginRepository.swift in Sources */,
				9B63935E28E05D6600784E2A /* SearchUseCase.swift in Sources */,
				9B63935B28E0463500784E2A /* LoginRepository.swift in Sources */,
				9BD5B2A1289EFB990062206C /* APIService.swift in Sources */,
				9B63936428E0634600784E2A /* DefaultSearchRepository.swift in Sources */,
				9BD5B298289EF2880062206C /* LoginReactor.swift in Sources */,
				9BC2E17C28A312CE00B5A8B6 /* UITableView+Extension.swift in Sources */,
				9B63935528E041E700784E2A /* LoginUseCase.swift in Sources */,
				9B781D5D28A091FB0075D72F /* MyStarRepositoryTableViewHeaderView.swift in Sources */,
				9B5E9F26289CD9E200963ED1 /* SceneDelegate.swift in Sources */,
				9BC2E17B28A312CE00B5A8B6 /* UICollectionView+Extension.swift in Sources */,
				9B6A44A9289EA3E400C12313 /* UIFont+Extension.swift in Sources */,
				9B63937028E1556600784E2A /* StarUseCase.swift in Sources */,
				9B6A44B3289EA58900C12313 /* ProfileViewController.swift in Sources */,
				9B85BD8128DA13D100E47747 /* LoadingIndicatorView.swift in Sources */,
				9B63937328E1564200784E2A /* StarRepository.swift in Sources */,
				9B781D5F28A0ECCC0075D72F /* UIColor+Extension.swift in Sources */,
				9B7606F928FEF9DD00EB6297 /* Token.swift in Sources */,
				9B6A44A6289EA38A00C12313 /* TabBar.swift in Sources */,
				9BD5B29F289EFB8C0062206C /* APIConstants.swift in Sources */,
				9B6EFDCF28A3AFFA00C7464E /* RepositoryTableViewCellReactor.swift in Sources */,
				9BD5B292289EF1D90062206C /* KeychainManager.swift in Sources */,
				9B63936A28E0666E00784E2A /* ProfileRepository.swift in Sources */,
				9BD5B29A289EFABC0062206C /* NotificationName+Extension.swift in Sources */,
				9BD5B296289EF2510062206C /* LoginViewController.swift in Sources */,
				9B63936128E05E2D00784E2A /* SearchRepository.swift in Sources */,
			);
			runOnlyForDeploymentPostprocessing = 0;
		};
		9B5E9F32289CD9E600963ED1 /* Sources */ = {
			isa = PBXSourcesBuildPhase;
			buildActionMask = 2147483647;
			files = (
				9B41FA5228A539A500EDE4C5 /* SearchReactor.swift in Sources */,
				9B41FA6528A59D8100EDE4C5 /* LanguageType.swift in Sources */,
				9B41FA6728A59D8F00EDE4C5 /* RepositoryTopicCollectionViewCell.swift in Sources */,
				9B41FA5F28A5800F00EDE4C5 /* TabBarController.swift in Sources */,
				9B63935928E0461600784E2A /* LoginUseCase.swift in Sources */,
				9B41FA6628A59D8D00EDE4C5 /* RepositoryTableViewCell.swift in Sources */,
				9B63937728E164FE00784E2A /* DefaultStarRepository.swift in Sources */,
				9B41FA6928A59DF900EDE4C5 /* UIFont+Extension.swift in Sources */,
				9B41FA7028A5A00E00EDE4C5 /* UICollectionView+Extension.swift in Sources */,
				9B41FA6D28A59FAD00EDE4C5 /* ProfileViewController.swift in Sources */,
				9B63936828E065DC00784E2A /* ProfileUseCase.swift in Sources */,
				9B41FA5D28A57FC700EDE4C5 /* APIConstants.swift in Sources */,
				9B63936E28E066AD00784E2A /* DefaultProfileRepository.swift in Sources */,
				9B41FA6328A59D7300EDE4C5 /* SearchViewController.swift in Sources */,
				9B41FA6428A59D7A00EDE4C5 /* RepositoryTableViewCellReactor.swift in Sources */,
				9B63935828E0461200784E2A /* DefaultLoginRepository.swift in Sources */,
				9B85BD8228DB004F00E47747 /* LoadingIndicatorView.swift in Sources */,
				9B5E9F3B289CD9E600963ED1 /* KeychainManagerTests.swift in Sources */,
				9B41FA5628A57F2500EDE4C5 /* ProfileReactor.swift in Sources */,
				9B7606FA28FEF9DD00EB6297 /* Token.swift in Sources */,
				9B63935F28E05D6600784E2A /* SearchUseCase.swift in Sources */,
				9B63935C28E0463500784E2A /* LoginRepository.swift in Sources */,
				9B41FA5728A57F4C00EDE4C5 /* UserRepository.swift in Sources */,
				9B63936528E0634600784E2A /* DefaultSearchRepository.swift in Sources */,
				9B41FA6C28A59F9800EDE4C5 /* UIImage+Extension.swift in Sources */,
				9B41FA5B28A57F9F00EDE4C5 /* DefaultSession.swift in Sources */,
				9B41FA6A28A59E0700EDE4C5 /* NotificationName+Extension.swift in Sources */,
				9B41FA6828A59D9400EDE4C5 /* MyStarRepositoryTableViewHeaderView.swift in Sources */,
				9B41FA6128A59D2E00EDE4C5 /* LoginReactor.swift in Sources */,
				9B7606F728F9C53A00EB6297 /* UIViewController+Extension.swift in Sources */,
				9B41FA6F28A59FBD00EDE4C5 /* UIColor+Extension.swift in Sources */,
				9B63937128E1556600784E2A /* StarUseCase.swift in Sources */,
				9B41FA5928A57F7D00EDE4C5 /* GitHubAPI.swift in Sources */,
				9B63934928DEFE3000784E2A /* APIServiceTests.swift in Sources */,
				9B63937428E1564200784E2A /* StarRepository.swift in Sources */,
				9B41FA5E28A57FCF00EDE4C5 /* User.swift in Sources */,
				9B41FA5A28A57F8A00EDE4C5 /* APIService.swift in Sources */,
				9B41FA6228A59D3100EDE4C5 /* LoginViewController.swift in Sources */,
				9B41FA6E28A59FB500EDE4C5 /* UITableView+Extension.swift in Sources */,
				9B41FA4F28A5399700EDE4C5 /* RepositoryInfo.swift in Sources */,
				9B41FA5C28A57FC000EDE4C5 /* KeychainManager.swift in Sources */,
				9B63936B28E0666E00784E2A /* ProfileRepository.swift in Sources */,
				9B41FA6B28A59E3C00EDE4C5 /* UIView+Extension.swift in Sources */,
				9B41FA6028A59D2900EDE4C5 /* TabBar.swift in Sources */,
				9B63936228E05E2D00784E2A /* SearchRepository.swift in Sources */,
			);
			runOnlyForDeploymentPostprocessing = 0;
		};
/* End PBXSourcesBuildPhase section */

/* Begin PBXTargetDependency section */
		9B5E9F38289CD9E600963ED1 /* PBXTargetDependency */ = {
			isa = PBXTargetDependency;
			target = 9B5E9F1F289CD9E200963ED1 /* GitHub_iOS */;
			targetProxy = 9B5E9F37289CD9E600963ED1 /* PBXContainerItemProxy */;
		};
/* End PBXTargetDependency section */

/* Begin XCBuildConfiguration section */
		9B5E9F48289CD9E600963ED1 /* Debug */ = {
			isa = XCBuildConfiguration;
			buildSettings = {
				ALWAYS_SEARCH_USER_PATHS = NO;
				CLANG_ANALYZER_NONNULL = YES;
				CLANG_ANALYZER_NUMBER_OBJECT_CONVERSION = YES_AGGRESSIVE;
				CLANG_CXX_LANGUAGE_STANDARD = "gnu++17";
				CLANG_CXX_LIBRARY = "libc++";
				CLANG_ENABLE_MODULES = YES;
				CLANG_ENABLE_OBJC_ARC = YES;
				CLANG_ENABLE_OBJC_WEAK = YES;
				CLANG_WARN_BLOCK_CAPTURE_AUTORELEASING = YES;
				CLANG_WARN_BOOL_CONVERSION = YES;
				CLANG_WARN_COMMA = YES;
				CLANG_WARN_CONSTANT_CONVERSION = YES;
				CLANG_WARN_DEPRECATED_OBJC_IMPLEMENTATIONS = YES;
				CLANG_WARN_DIRECT_OBJC_ISA_USAGE = YES_ERROR;
				CLANG_WARN_DOCUMENTATION_COMMENTS = YES;
				CLANG_WARN_EMPTY_BODY = YES;
				CLANG_WARN_ENUM_CONVERSION = YES;
				CLANG_WARN_INFINITE_RECURSION = YES;
				CLANG_WARN_INT_CONVERSION = YES;
				CLANG_WARN_NON_LITERAL_NULL_CONVERSION = YES;
				CLANG_WARN_OBJC_IMPLICIT_RETAIN_SELF = YES;
				CLANG_WARN_OBJC_LITERAL_CONVERSION = YES;
				CLANG_WARN_OBJC_ROOT_CLASS = YES_ERROR;
				CLANG_WARN_QUOTED_INCLUDE_IN_FRAMEWORK_HEADER = YES;
				CLANG_WARN_RANGE_LOOP_ANALYSIS = YES;
				CLANG_WARN_STRICT_PROTOTYPES = YES;
				CLANG_WARN_SUSPICIOUS_MOVE = YES;
				CLANG_WARN_UNGUARDED_AVAILABILITY = YES_AGGRESSIVE;
				CLANG_WARN_UNREACHABLE_CODE = YES;
				CLANG_WARN__DUPLICATE_METHOD_MATCH = YES;
				COPY_PHASE_STRIP = NO;
				DEBUG_INFORMATION_FORMAT = dwarf;
				ENABLE_STRICT_OBJC_MSGSEND = YES;
				ENABLE_TESTABILITY = YES;
				GCC_C_LANGUAGE_STANDARD = gnu11;
				GCC_DYNAMIC_NO_PIC = NO;
				GCC_NO_COMMON_BLOCKS = YES;
				GCC_OPTIMIZATION_LEVEL = 0;
				GCC_PREPROCESSOR_DEFINITIONS = (
					"DEBUG=1",
					"$(inherited)",
				);
				GCC_WARN_64_TO_32_BIT_CONVERSION = YES;
				GCC_WARN_ABOUT_RETURN_TYPE = YES_ERROR;
				GCC_WARN_UNDECLARED_SELECTOR = YES;
				GCC_WARN_UNINITIALIZED_AUTOS = YES_AGGRESSIVE;
				GCC_WARN_UNUSED_FUNCTION = YES;
				GCC_WARN_UNUSED_VARIABLE = YES;
				IPHONEOS_DEPLOYMENT_TARGET = 15.0;
				MTL_ENABLE_DEBUG_INFO = INCLUDE_SOURCE;
				MTL_FAST_MATH = YES;
				ONLY_ACTIVE_ARCH = YES;
				SDKROOT = iphoneos;
				SWIFT_ACTIVE_COMPILATION_CONDITIONS = DEBUG;
				SWIFT_OPTIMIZATION_LEVEL = "-Onone";
			};
			name = Debug;
		};
		9B5E9F49289CD9E600963ED1 /* Release */ = {
			isa = XCBuildConfiguration;
			buildSettings = {
				ALWAYS_SEARCH_USER_PATHS = NO;
				CLANG_ANALYZER_NONNULL = YES;
				CLANG_ANALYZER_NUMBER_OBJECT_CONVERSION = YES_AGGRESSIVE;
				CLANG_CXX_LANGUAGE_STANDARD = "gnu++17";
				CLANG_CXX_LIBRARY = "libc++";
				CLANG_ENABLE_MODULES = YES;
				CLANG_ENABLE_OBJC_ARC = YES;
				CLANG_ENABLE_OBJC_WEAK = YES;
				CLANG_WARN_BLOCK_CAPTURE_AUTORELEASING = YES;
				CLANG_WARN_BOOL_CONVERSION = YES;
				CLANG_WARN_COMMA = YES;
				CLANG_WARN_CONSTANT_CONVERSION = YES;
				CLANG_WARN_DEPRECATED_OBJC_IMPLEMENTATIONS = YES;
				CLANG_WARN_DIRECT_OBJC_ISA_USAGE = YES_ERROR;
				CLANG_WARN_DOCUMENTATION_COMMENTS = YES;
				CLANG_WARN_EMPTY_BODY = YES;
				CLANG_WARN_ENUM_CONVERSION = YES;
				CLANG_WARN_INFINITE_RECURSION = YES;
				CLANG_WARN_INT_CONVERSION = YES;
				CLANG_WARN_NON_LITERAL_NULL_CONVERSION = YES;
				CLANG_WARN_OBJC_IMPLICIT_RETAIN_SELF = YES;
				CLANG_WARN_OBJC_LITERAL_CONVERSION = YES;
				CLANG_WARN_OBJC_ROOT_CLASS = YES_ERROR;
				CLANG_WARN_QUOTED_INCLUDE_IN_FRAMEWORK_HEADER = YES;
				CLANG_WARN_RANGE_LOOP_ANALYSIS = YES;
				CLANG_WARN_STRICT_PROTOTYPES = YES;
				CLANG_WARN_SUSPICIOUS_MOVE = YES;
				CLANG_WARN_UNGUARDED_AVAILABILITY = YES_AGGRESSIVE;
				CLANG_WARN_UNREACHABLE_CODE = YES;
				CLANG_WARN__DUPLICATE_METHOD_MATCH = YES;
				COPY_PHASE_STRIP = NO;
				DEBUG_INFORMATION_FORMAT = "dwarf-with-dsym";
				ENABLE_NS_ASSERTIONS = NO;
				ENABLE_STRICT_OBJC_MSGSEND = YES;
				GCC_C_LANGUAGE_STANDARD = gnu11;
				GCC_NO_COMMON_BLOCKS = YES;
				GCC_WARN_64_TO_32_BIT_CONVERSION = YES;
				GCC_WARN_ABOUT_RETURN_TYPE = YES_ERROR;
				GCC_WARN_UNDECLARED_SELECTOR = YES;
				GCC_WARN_UNINITIALIZED_AUTOS = YES_AGGRESSIVE;
				GCC_WARN_UNUSED_FUNCTION = YES;
				GCC_WARN_UNUSED_VARIABLE = YES;
				IPHONEOS_DEPLOYMENT_TARGET = 15.0;
				MTL_ENABLE_DEBUG_INFO = NO;
				MTL_FAST_MATH = YES;
				SDKROOT = iphoneos;
				SWIFT_COMPILATION_MODE = wholemodule;
				SWIFT_OPTIMIZATION_LEVEL = "-O";
				VALIDATE_PRODUCT = YES;
			};
			name = Release;
		};
		9B5E9F4B289CD9E600963ED1 /* Debug */ = {
			isa = XCBuildConfiguration;
			baseConfigurationReference = 48EBFE3DABD3B7BB03CC027A /* Pods-GitHub_iOS.debug.xcconfig */;
			buildSettings = {
				ASSETCATALOG_COMPILER_APPICON_NAME = AppIcon;
				ASSETCATALOG_COMPILER_GLOBAL_ACCENT_COLOR_NAME = AccentColor;
				ASSETCATALOG_COMPILER_INCLUDE_ALL_APPICON_ASSETS = NO;
				CODE_SIGN_STYLE = Automatic;
				CURRENT_PROJECT_VERSION = 1;
				DEVELOPMENT_TEAM = 577SG3C42S;
				GENERATE_INFOPLIST_FILE = YES;
				INFOPLIST_FILE = GitHub_iOS/Resources/Info.plist;
				INFOPLIST_KEY_CFBundleDisplayName = GitHub;
				INFOPLIST_KEY_UIApplicationSupportsIndirectInputEvents = YES;
				INFOPLIST_KEY_UILaunchStoryboardName = LaunchScreen;
				INFOPLIST_KEY_UISupportedInterfaceOrientations_iPad = "UIInterfaceOrientationPortrait UIInterfaceOrientationPortraitUpsideDown UIInterfaceOrientationLandscapeLeft UIInterfaceOrientationLandscapeRight";
				INFOPLIST_KEY_UISupportedInterfaceOrientations_iPhone = "UIInterfaceOrientationPortrait UIInterfaceOrientationLandscapeLeft UIInterfaceOrientationLandscapeRight";
				LD_RUNPATH_SEARCH_PATHS = (
					"$(inherited)",
					"@executable_path/Frameworks",
				);
				MARKETING_VERSION = 1.0;
				PRODUCT_BUNDLE_IDENTIFIER = "soyeong.GitHub-iOS";
				PRODUCT_NAME = "$(TARGET_NAME)";
				SWIFT_EMIT_LOC_STRINGS = YES;
				SWIFT_VERSION = 5.0;
				TARGETED_DEVICE_FAMILY = "1,2";
			};
			name = Debug;
		};
		9B5E9F4C289CD9E600963ED1 /* Release */ = {
			isa = XCBuildConfiguration;
			baseConfigurationReference = 06A61587B713BFE147CD3F08 /* Pods-GitHub_iOS.release.xcconfig */;
			buildSettings = {
				ASSETCATALOG_COMPILER_APPICON_NAME = AppIcon;
				ASSETCATALOG_COMPILER_GLOBAL_ACCENT_COLOR_NAME = AccentColor;
				ASSETCATALOG_COMPILER_INCLUDE_ALL_APPICON_ASSETS = NO;
				CODE_SIGN_STYLE = Automatic;
				CURRENT_PROJECT_VERSION = 1;
				DEVELOPMENT_TEAM = 577SG3C42S;
				GENERATE_INFOPLIST_FILE = YES;
				INFOPLIST_FILE = GitHub_iOS/Resources/Info.plist;
				INFOPLIST_KEY_CFBundleDisplayName = GitHub;
				INFOPLIST_KEY_UIApplicationSupportsIndirectInputEvents = YES;
				INFOPLIST_KEY_UILaunchStoryboardName = LaunchScreen;
				INFOPLIST_KEY_UISupportedInterfaceOrientations_iPad = "UIInterfaceOrientationPortrait UIInterfaceOrientationPortraitUpsideDown UIInterfaceOrientationLandscapeLeft UIInterfaceOrientationLandscapeRight";
				INFOPLIST_KEY_UISupportedInterfaceOrientations_iPhone = "UIInterfaceOrientationPortrait UIInterfaceOrientationLandscapeLeft UIInterfaceOrientationLandscapeRight";
				LD_RUNPATH_SEARCH_PATHS = (
					"$(inherited)",
					"@executable_path/Frameworks",
				);
				MARKETING_VERSION = 1.0;
				PRODUCT_BUNDLE_IDENTIFIER = "soyeong.GitHub-iOS";
				PRODUCT_NAME = "$(TARGET_NAME)";
				SWIFT_EMIT_LOC_STRINGS = YES;
				SWIFT_VERSION = 5.0;
				TARGETED_DEVICE_FAMILY = "1,2";
			};
			name = Release;
		};
		9B5E9F4E289CD9E600963ED1 /* Debug */ = {
			isa = XCBuildConfiguration;
			baseConfigurationReference = 74B71C0F731F96BF4C755DEF /* Pods-GitHub_iOSTests.debug.xcconfig */;
			buildSettings = {
				ALWAYS_EMBED_SWIFT_STANDARD_LIBRARIES = YES;
				BUNDLE_LOADER = "$(TEST_HOST)";
				CODE_SIGN_STYLE = Automatic;
				CURRENT_PROJECT_VERSION = 1;
				DEVELOPMENT_TEAM = 577SG3C42S;
				GENERATE_INFOPLIST_FILE = YES;
				IPHONEOS_DEPLOYMENT_TARGET = 15.0;
				LD_RUNPATH_SEARCH_PATHS = (
					"$(inherited)",
					"@executable_path/Frameworks",
					"@loader_path/Frameworks",
				);
				MARKETING_VERSION = 1.0;
				PRODUCT_BUNDLE_IDENTIFIER = "soyeong.GitHub-iOSTests";
				PRODUCT_NAME = "$(TARGET_NAME)";
				SWIFT_EMIT_LOC_STRINGS = NO;
				SWIFT_VERSION = 5.0;
				TARGETED_DEVICE_FAMILY = "1,2";
				TEST_HOST = "$(BUILT_PRODUCTS_DIR)/GitHub_iOS.app/GitHub_iOS";
			};
			name = Debug;
		};
		9B5E9F4F289CD9E600963ED1 /* Release */ = {
			isa = XCBuildConfiguration;
			baseConfigurationReference = 30BCCA1577F4ACDE8BAD064B /* Pods-GitHub_iOSTests.release.xcconfig */;
			buildSettings = {
				ALWAYS_EMBED_SWIFT_STANDARD_LIBRARIES = YES;
				BUNDLE_LOADER = "$(TEST_HOST)";
				CODE_SIGN_STYLE = Automatic;
				CURRENT_PROJECT_VERSION = 1;
				DEVELOPMENT_TEAM = 577SG3C42S;
				GENERATE_INFOPLIST_FILE = YES;
				IPHONEOS_DEPLOYMENT_TARGET = 15.0;
				LD_RUNPATH_SEARCH_PATHS = (
					"$(inherited)",
					"@executable_path/Frameworks",
					"@loader_path/Frameworks",
				);
				MARKETING_VERSION = 1.0;
				PRODUCT_BUNDLE_IDENTIFIER = "soyeong.GitHub-iOSTests";
				PRODUCT_NAME = "$(TARGET_NAME)";
				SWIFT_EMIT_LOC_STRINGS = NO;
				SWIFT_VERSION = 5.0;
				TARGETED_DEVICE_FAMILY = "1,2";
				TEST_HOST = "$(BUILT_PRODUCTS_DIR)/GitHub_iOS.app/GitHub_iOS";
			};
			name = Release;
		};
/* End XCBuildConfiguration section */

/* Begin XCConfigurationList section */
		9B5E9F1B289CD9E200963ED1 /* Build configuration list for PBXProject "GitHub_iOS" */ = {
			isa = XCConfigurationList;
			buildConfigurations = (
				9B5E9F48289CD9E600963ED1 /* Debug */,
				9B5E9F49289CD9E600963ED1 /* Release */,
			);
			defaultConfigurationIsVisible = 0;
			defaultConfigurationName = Release;
		};
		9B5E9F4A289CD9E600963ED1 /* Build configuration list for PBXNativeTarget "GitHub_iOS" */ = {
			isa = XCConfigurationList;
			buildConfigurations = (
				9B5E9F4B289CD9E600963ED1 /* Debug */,
				9B5E9F4C289CD9E600963ED1 /* Release */,
			);
			defaultConfigurationIsVisible = 0;
			defaultConfigurationName = Release;
		};
		9B5E9F4D289CD9E600963ED1 /* Build configuration list for PBXNativeTarget "GitHub_iOSTests" */ = {
			isa = XCConfigurationList;
			buildConfigurations = (
				9B5E9F4E289CD9E600963ED1 /* Debug */,
				9B5E9F4F289CD9E600963ED1 /* Release */,
			);
			defaultConfigurationIsVisible = 0;
			defaultConfigurationName = Release;
		};
/* End XCConfigurationList section */
	};
	rootObject = 9B5E9F18289CD9E200963ED1 /* Project object */;
}
